{
  "name": "ajs_node",
  "version": "1.0.0",
  "lockfileVersion": 2,
  "requires": true,
  "packages": {
    "": {
      "name": "ajs_node",
      "version": "1.0.0",
      "license": "ISC",
      "dependencies": {
        "@slobmax/ajs": "^1.0.0"
      }
    },
    "node_modules/@slobmax/ajs": {
      "version": "1.0.0",
      "resolved": "https://npm.pkg.github.com/download/@slobmax/ajs/1.0.0/66302ff40c74dde002d627e7ab5033460ccdf4c9",
      "integrity": "sha512-/YHWB6hy1Vh3MUzfPkq5+phQysM+UBsrJ0hWTqmKfTQXH5D1RNtVcoCVHE/D5cSiZbma2hqXrQEzRqsav6XykA==",
      "license": "ISC"
    }
  },
  "dependencies": {
    "@slobmax/ajs": {
      "version": "1.0.0",
      "resolved": "https://npm.pkg.github.com/download/@slobmax/ajs/1.0.0/66302ff40c74dde002d627e7ab5033460ccdf4c9",
      "integrity": "sha512-/YHWB6hy1Vh3MUzfPkq5+phQysM+UBsrJ0hWTqmKfTQXH5D1RNtVcoCVHE/D5cSiZbma2hqXrQEzRqsav6XykA=="
    }
  }
}
